
Microsoft Visual Studio Solution File, Format Version 12.00
# Visual Studio Version 16
VisualStudioVersion = 16.0.29418.71
MinimumVisualStudioVersion = 10.0.40219.1
Project("{FAE04EC0-301F-11D3-BF4B-00C04F79EFBC}") = "AutoWelders", "AutoWelders\AutoWelders.csproj", "{E19D0871-D2E2-4B56-813F-E66FB532EF78}"
EndProject
Project("{FAE04EC0-301F-11D3-BF4B-00C04F79EFBC}") = "AutoWeldersFromForum", "AutoWeldersFromForum\AutoWeldersFromForum.csproj", "{566D88D7-E22D-4B07-BFC7-FC29CC499020}"
EndProject
Project("{FAE04EC0-301F-11D3-BF4B-00C04F79EFBC}") = "RotorControl", "RotorControl\RotorControl.csproj", "{E43EFC97-A9B2-4DB0-9FBE-E2CB205ECCB5}"
EndProject
Project("{FAE04EC0-301F-11D3-BF4B-00C04F79EFBC}") = "EmptyTemplate", "EmptyTemplate\EmptyTemplate.csproj", "{DD8790B7-87AD-4450-9470-42A729B8E3CD}"
EndProject
Project("{FAE04EC0-301F-11D3-BF4B-00C04F79EFBC}") = "Octopus", "Octopus\Octopus.csproj", "{820999FA-8704-448C-AB4F-9DDA0B1EC9C8}"
EndProject
Project("{FAE04EC0-301F-11D3-BF4B-00C04F79EFBC}") = "ArgevantisScript", "ArgevantisScript\ArgevantisScript.csproj", "{733493F0-2FFA-43BD-8826-0B7CAE301564}"
EndProject
Project("{FAE04EC0-301F-11D3-BF4B-00C04F79EFBC}") = "PaoloSatelite1", "PaoloSatelite1\PaoloSatelite1.csproj", "{2A04F329-AE36-4AFE-A7E4-206EE7C87201}"
EndProject
Project("{FAE04EC0-301F-11D3-BF4B-00C04F79EFBC}") = "PaoloSalvageDrone", "PaoloSalvageDrone\PaoloSalvageDrone.csproj", "{0B45FBB9-7983-41DE-843D-B4C13B0F8419}"
EndProject
Project("{FAE04EC0-301F-11D3-BF4B-00C04F79EFBC}") = "SamsAutopilotManager", "SamsAutopilotManager\SamsAutopilotManager.csproj", "{B5FDE852-3C79-4436-BE0E-E75A37D19659}"
EndProject
Project("{FAE04EC0-301F-11D3-BF4B-00C04F79EFBC}") = "AutoManagr", "AutoManagr\AutoManagr.csproj", "{A5982F30-8D1E-41DE-90B1-5B05F2F257BC}"
EndProject
Global
	GlobalSection(SolutionConfigurationPlatforms) = preSolution
		Debug|Any CPU = Debug|Any CPU
		Release|Any CPU = Release|Any CPU
	EndGlobalSection
	GlobalSection(ProjectConfigurationPlatforms) = postSolution
		{E19D0871-D2E2-4B56-813F-E66FB532EF78}.Debug|Any CPU.ActiveCfg = Debug|Any CPU
		{E19D0871-D2E2-4B56-813F-E66FB532EF78}.Debug|Any CPU.Build.0 = Debug|Any CPU
		{E19D0871-D2E2-4B56-813F-E66FB532EF78}.Release|Any CPU.ActiveCfg = Release|Any CPU
		{E19D0871-D2E2-4B56-813F-E66FB532EF78}.Release|Any CPU.Build.0 = Release|Any CPU
		{566D88D7-E22D-4B07-BFC7-FC29CC499020}.Debug|Any CPU.ActiveCfg = Debug|Any CPU
		{566D88D7-E22D-4B07-BFC7-FC29CC499020}.Debug|Any CPU.Build.0 = Debug|Any CPU
		{566D88D7-E22D-4B07-BFC7-FC29CC499020}.Release|Any CPU.ActiveCfg = Release|Any CPU
		{566D88D7-E22D-4B07-BFC7-FC29CC499020}.Release|Any CPU.Build.0 = Release|Any CPU
		{E43EFC97-A9B2-4DB0-9FBE-E2CB205ECCB5}.Debug|Any CPU.ActiveCfg = Debug|Any CPU
		{E43EFC97-A9B2-4DB0-9FBE-E2CB205ECCB5}.Debug|Any CPU.Build.0 = Debug|Any CPU
		{E43EFC97-A9B2-4DB0-9FBE-E2CB205ECCB5}.Release|Any CPU.ActiveCfg = Release|Any CPU
		{E43EFC97-A9B2-4DB0-9FBE-E2CB205ECCB5}.Release|Any CPU.Build.0 = Release|Any CPU
		{DD8790B7-87AD-4450-9470-42A729B8E3CD}.Debug|Any CPU.ActiveCfg = Debug|Any CPU
		{DD8790B7-87AD-4450-9470-42A729B8E3CD}.Debug|Any CPU.Build.0 = Debug|Any CPU
		{DD8790B7-87AD-4450-9470-42A729B8E3CD}.Release|Any CPU.ActiveCfg = Release|Any CPU
		{DD8790B7-87AD-4450-9470-42A729B8E3CD}.Release|Any CPU.Build.0 = Release|Any CPU
		{820999FA-8704-448C-AB4F-9DDA0B1EC9C8}.Debug|Any CPU.ActiveCfg = Debug|Any CPU
		{820999FA-8704-448C-AB4F-9DDA0B1EC9C8}.Debug|Any CPU.Build.0 = Debug|Any CPU
		{820999FA-8704-448C-AB4F-9DDA0B1EC9C8}.Release|Any CPU.ActiveCfg = Release|Any CPU
		{820999FA-8704-448C-AB4F-9DDA0B1EC9C8}.Release|Any CPU.Build.0 = Release|Any CPU
		{733493F0-2FFA-43BD-8826-0B7CAE301564}.Debug|Any CPU.ActiveCfg = Debug|Any CPU
		{733493F0-2FFA-43BD-8826-0B7CAE301564}.Debug|Any CPU.Build.0 = Debug|Any CPU
		{733493F0-2FFA-43BD-8826-0B7CAE301564}.Release|Any CPU.ActiveCfg = Release|Any CPU
		{733493F0-2FFA-43BD-8826-0B7CAE301564}.Release|Any CPU.Build.0 = Release|Any CPU
		{2A04F329-AE36-4AFE-A7E4-206EE7C87201}.Debug|Any CPU.ActiveCfg = Debug|Any CPU
		{2A04F329-AE36-4AFE-A7E4-206EE7C87201}.Debug|Any CPU.Build.0 = Debug|Any CPU
		{2A04F329-AE36-4AFE-A7E4-206EE7C87201}.Release|Any CPU.ActiveCfg = Release|Any CPU
		{2A04F329-AE36-4AFE-A7E4-206EE7C87201}.Release|Any CPU.Build.0 = Release|Any CPU
		{0B45FBB9-7983-41DE-843D-B4C13B0F8419}.Debug|Any CPU.ActiveCfg = Debug|Any CPU
		{0B45FBB9-7983-41DE-843D-B4C13B0F8419}.Debug|Any CPU.Build.0 = Debug|Any CPU
		{0B45FBB9-7983-41DE-843D-B4C13B0F8419}.Release|Any CPU.ActiveCfg = Release|Any CPU
		{0B45FBB9-7983-41DE-843D-B4C13B0F8419}.Release|Any CPU.Build.0 = Release|Any CPU
		{B5FDE852-3C79-4436-BE0E-E75A37D19659}.Debug|Any CPU.ActiveCfg = Debug|Any CPU
		{B5FDE852-3C79-4436-BE0E-E75A37D19659}.Debug|Any CPU.Build.0 = Debug|Any CPU
		{B5FDE852-3C79-4436-BE0E-E75A37D19659}.Release|Any CPU.ActiveCfg = Release|Any CPU
		{B5FDE852-3C79-4436-BE0E-E75A37D19659}.Release|Any CPU.Build.0 = Release|Any CPU
		{A5982F30-8D1E-41DE-90B1-5B05F2F257BC}.Debug|Any CPU.ActiveCfg = Debug|Any CPU
		{A5982F30-8D1E-41DE-90B1-5B05F2F257BC}.Debug|Any CPU.Build.0 = Debug|Any CPU
		{A5982F30-8D1E-41DE-90B1-5B05F2F257BC}.Release|Any CPU.ActiveCfg = Release|Any CPU
		{A5982F30-8D1E-41DE-90B1-5B05F2F257BC}.Release|Any CPU.Build.0 = Release|Any CPU
	EndGlobalSection
	GlobalSection(SolutionProperties) = preSolution
		HideSolutionNode = FALSE
	EndGlobalSection
	GlobalSection(ExtensibilityGlobals) = postSolution
		SolutionGuid = {13C12833-B293-40F5-9030-C6FBC642FF17}
	EndGlobalSection
EndGlobal
