
Microsoft Visual Studio Solution File, Format Version 12.00
# Visual Studio Version 17
VisualStudioVersion = 17.9.34723.18
MinimumVisualStudioVersion = 10.0.40219.1
Project("{FAE04EC0-301F-11D3-BF4B-00C04F79EFBC}") = "AutoWelders", "AutoWelders\AutoWelders.csproj", "{E19D0871-D2E2-4B56-813F-E66FB532EF78}"
EndProject
Project("{FAE04EC0-301F-11D3-BF4B-00C04F79EFBC}") = "AutoWeldersFromForum", "AutoWeldersFromForum\AutoWeldersFromForum.csproj", "{566D88D7-E22D-4B07-BFC7-FC29CC499020}"
EndProject
Project("{FAE04EC0-301F-11D3-BF4B-00C04F79EFBC}") = "RotorControl", "RotorControl\RotorControl.csproj", "{E43EFC97-A9B2-4DB0-9FBE-E2CB205ECCB5}"
EndProject
Project("{FAE04EC0-301F-11D3-BF4B-00C04F79EFBC}") = "EmptyTemplate", "EmptyTemplate\EmptyTemplate.csproj", "{DD8790B7-87AD-4450-9470-42A729B8E3CD}"
EndProject
Project("{FAE04EC0-301F-11D3-BF4B-00C04F79EFBC}") = "Octopus", "Octopus\Octopus.csproj", "{820999FA-8704-448C-AB4F-9DDA0B1EC9C8}"
EndProject
Project("{FAE04EC0-301F-11D3-BF4B-00C04F79EFBC}") = "ArgevantisScript", "ArgevantisScript\ArgevantisScript.csproj", "{733493F0-2FFA-43BD-8826-0B7CAE301564}"
EndProject
Project("{FAE04EC0-301F-11D3-BF4B-00C04F79EFBC}") = "PaoloSatelite1", "PaoloSatelite1\PaoloSatelite1.csproj", "{2A04F329-AE36-4AFE-A7E4-206EE7C87201}"
EndProject
Project("{FAE04EC0-301F-11D3-BF4B-00C04F79EFBC}") = "PaoloSalvageDrone", "PaoloSalvageDrone\PaoloSalvageDrone.csproj", "{0B45FBB9-7983-41DE-843D-B4C13B0F8419}"
EndProject
Project("{FAE04EC0-301F-11D3-BF4B-00C04F79EFBC}") = "SamsAutopilotManager", "SamsAutopilotManager\SamsAutopilotManager.csproj", "{B5FDE852-3C79-4436-BE0E-E75A37D19659}"
EndProject
Project("{FAE04EC0-301F-11D3-BF4B-00C04F79EFBC}") = "AutoManagr", "AutoManagr\AutoManagr.csproj", "{A5982F30-8D1E-41DE-90B1-5B05F2F257BC}"
EndProject
Project("{FAE04EC0-301F-11D3-BF4B-00C04F79EFBC}") = "PembrokesSimpleTrading", "PembrokesSimpleTrading\PembrokesSimpleTrading.csproj", "{0E5D508C-7FCD-420E-B342-71206B7953A8}"
EndProject
Project("{FAE04EC0-301F-11D3-BF4B-00C04F79EFBC}") = "WhipsWeaponSalvoScript", "WhipsWeaponSalvoScript\WhipsWeaponSalvoScript.csproj", "{E260A046-CAE9-4E19-8058-38EE5A12C4F6}"
EndProject
Project("{FAE04EC0-301F-11D3-BF4B-00C04F79EFBC}") = "CameraLongRangeScanner", "CameraLongRangeScanner\CameraLongRangeScanner.csproj", "{0DA0CED0-FA6D-482B-9BF2-38644D2BF51E}"
EndProject
Project("{FAE04EC0-301F-11D3-BF4B-00C04F79EFBC}") = "OreMap", "OreMap\OreMap.csproj", "{21D16CE5-3107-4413-AFC4-41728009C54D}"
EndProject
Project("{FAE04EC0-301F-11D3-BF4B-00C04F79EFBC}") = "GravEngine", "GravEngine\GravEngine.csproj", "{E5185B5C-2E09-4D78-BCBC-C28AB01B7BC9}"
EndProject
Project("{FAE04EC0-301F-11D3-BF4B-00C04F79EFBC}") = "HeliosXR-5SRotorGun", "HeliosXR-5SRotorGun\HeliosXR-5SRotorGun.csproj", "{634D709F-2F78-414B-9556-F735E26BE4B8}"
EndProject
Project("{FAE04EC0-301F-11D3-BF4B-00C04F79EFBC}") = "RotorGunMp", "RotorGunMp\RotorGunMp.csproj", "{7EEB15A5-13FC-4F30-82B7-A462C33C4BFB}"
EndProject
Project("{FAE04EC0-301F-11D3-BF4B-00C04F79EFBC}") = "RdavsAIAutominer", "RdavsAIAutominer\RdavsAIAutominer.csproj", "{7ADB2039-7ECE-4A55-ABB1-0D46B7F7D3BF}"
EndProject
Project("{FAE04EC0-301F-11D3-BF4B-00C04F79EFBC}") = "RdavMissleGuidence", "RdavMissleGuidence\RdavMissleGuidence.csproj", "{67294EDC-9969-4D2F-AA3B-24582E6F068F}"
EndProject
Project("{FAE04EC0-301F-11D3-BF4B-00C04F79EFBC}") = "GPSTurretGuidence", "GPSTurretGuidence\GPSTurretGuidence.csproj", "{F425B6A6-A6BA-4FFE-A88C-E856D9FF98B5}"
EndProject
Project("{FAE04EC0-301F-11D3-BF4B-00C04F79EFBC}") = "RaycastScan", "RaycastScan\RaycastScan.csproj", "{15C816AA-635B-47A6-B3C6-F5EE1F0A0CDA}"
EndProject
Project("{FAE04EC0-301F-11D3-BF4B-00C04F79EFBC}") = "BS2MixedScripts", "BS2MixedScripts\BS2MixedScripts.csproj", "{EE5D8F28-6A05-49B6-B2B6-FB58D154416E}"
EndProject
Project("{FAE04EC0-301F-11D3-BF4B-00C04F79EFBC}") = "HomingMissleScript", "HomingMissleScript\HomingMissleScript.csproj", "{0F03802D-25C7-47FF-891B-CB02DC8628AE}"
EndProject
Project("{FAE04EC0-301F-11D3-BF4B-00C04F79EFBC}") = "Paolo'sTurretControl", "Paolo'sTurretControl\Paolo'sTurretControl.csproj", "{FE2DB4B1-92C5-40D0-8CD1-8D751A83AF19}"
EndProject
Project("{FAE04EC0-301F-11D3-BF4B-00C04F79EFBC}") = "ClassLibrary1", "ClassLibrary1\ClassLibrary1.csproj", "{D67E3814-9CCF-41CC-BA93-EC2A38896825}"
EndProject
Project("{FAE04EC0-301F-11D3-BF4B-00C04F79EFBC}") = "Pennywide_AltylerryScript", "Pennywide_AltylerryScript\Pennywide_AltylerryScript.csproj", "{390140F4-0F7C-4CC4-8107-7F704D44F73A}"
EndProject
Project("{FAE04EC0-301F-11D3-BF4B-00C04F79EFBC}") = "ZbigTorpeda", "ZbigTorpeda\ZbigTorpeda.csproj", "{FAD41CE6-E239-4D6C-9C8D-13AEE6F8CB0B}"
EndProject
Project("{FAE04EC0-301F-11D3-BF4B-00C04F79EFBC}") = "Zbig_Arta_Torpeda", "Zbig_Arta_Torpeda\Zbig_Arta_Torpeda.csproj", "{5194DF8D-A681-4F08-9F81-881B91612537}"
EndProject
Project("{FAE04EC0-301F-11D3-BF4B-00C04F79EFBC}") = "PaoloTargetingTiny", "PaoloTargetingTiny\PaoloTargetingTiny.csproj", "{59F68CD4-89DC-4D30-A71E-FCE63902C205}"
EndProject
Project("{FAE04EC0-301F-11D3-BF4B-00C04F79EFBC}") = "PaoloSAM", "PaoloSAM\PaoloSAM.csproj", "{9A881A81-3922-4DD1-839C-0B41E7E64872}"
EndProject
Project("{FAE04EC0-301F-11D3-BF4B-00C04F79EFBC}") = "PirateDroneScriptEncounter", "PirateDroneScriptEncounter\PirateDroneScriptEncounter.csproj", "{E3005FBA-68E6-4BB5-9088-B3056CA95132}"
EndProject
Project("{FAE04EC0-301F-11D3-BF4B-00C04F79EFBC}") = "PaoloCombatDrone", "PaoloCombatDrone\PaoloCombatDrone.csproj", "{B364F561-A3B3-4392-8E53-FD2964FF4255}"
EndProject
Project("{FAE04EC0-301F-11D3-BF4B-00C04F79EFBC}") = "PaoloTorpedoLunch", "PaoloTorpedoLunch\PaoloTorpedoLunch.csproj", "{56C515D5-55B5-4FC3-AD79-DC07B59C584E}"
EndProject
Project("{FAE04EC0-301F-11D3-BF4B-00C04F79EFBC}") = "PaoloAtackAlert", "PaoloAtackAlert\PaoloAtackAlert.csproj", "{E7AC7F68-0649-45E1-905E-AE25F5EC3EF2}"
EndProject
Project("{FAE04EC0-301F-11D3-BF4B-00C04F79EFBC}") = "WhipsMouseAimedRotorTurret", "WhipsMouseAimedRotorTurret\WhipsMouseAimedRotorTurret.csproj", "{72B63254-06E2-40A6-B852-CAD59365C3E9}"
EndProject
Project("{FAE04EC0-301F-11D3-BF4B-00C04F79EFBC}") = "ShipManagement", "ShipManagement\ShipManagement.csproj", "{40AD1971-E53D-4599-920F-3760603CBE9E}"
EndProject
Global
	GlobalSection(SolutionConfigurationPlatforms) = preSolution
		Debug|Any CPU = Debug|Any CPU
		Release|Any CPU = Release|Any CPU
	EndGlobalSection
	GlobalSection(ProjectConfigurationPlatforms) = postSolution
		{E19D0871-D2E2-4B56-813F-E66FB532EF78}.Debug|Any CPU.ActiveCfg = Debug|Any CPU
		{E19D0871-D2E2-4B56-813F-E66FB532EF78}.Debug|Any CPU.Build.0 = Debug|Any CPU
		{E19D0871-D2E2-4B56-813F-E66FB532EF78}.Release|Any CPU.ActiveCfg = Release|Any CPU
		{E19D0871-D2E2-4B56-813F-E66FB532EF78}.Release|Any CPU.Build.0 = Release|Any CPU
		{566D88D7-E22D-4B07-BFC7-FC29CC499020}.Debug|Any CPU.ActiveCfg = Debug|Any CPU
		{566D88D7-E22D-4B07-BFC7-FC29CC499020}.Debug|Any CPU.Build.0 = Debug|Any CPU
		{566D88D7-E22D-4B07-BFC7-FC29CC499020}.Release|Any CPU.ActiveCfg = Release|Any CPU
		{566D88D7-E22D-4B07-BFC7-FC29CC499020}.Release|Any CPU.Build.0 = Release|Any CPU
		{E43EFC97-A9B2-4DB0-9FBE-E2CB205ECCB5}.Debug|Any CPU.ActiveCfg = Debug|Any CPU
		{E43EFC97-A9B2-4DB0-9FBE-E2CB205ECCB5}.Debug|Any CPU.Build.0 = Debug|Any CPU
		{E43EFC97-A9B2-4DB0-9FBE-E2CB205ECCB5}.Release|Any CPU.ActiveCfg = Release|Any CPU
		{E43EFC97-A9B2-4DB0-9FBE-E2CB205ECCB5}.Release|Any CPU.Build.0 = Release|Any CPU
		{DD8790B7-87AD-4450-9470-42A729B8E3CD}.Debug|Any CPU.ActiveCfg = Debug|Any CPU
		{DD8790B7-87AD-4450-9470-42A729B8E3CD}.Debug|Any CPU.Build.0 = Debug|Any CPU
		{DD8790B7-87AD-4450-9470-42A729B8E3CD}.Release|Any CPU.ActiveCfg = Release|Any CPU
		{DD8790B7-87AD-4450-9470-42A729B8E3CD}.Release|Any CPU.Build.0 = Release|Any CPU
		{820999FA-8704-448C-AB4F-9DDA0B1EC9C8}.Debug|Any CPU.ActiveCfg = Debug|Any CPU
		{820999FA-8704-448C-AB4F-9DDA0B1EC9C8}.Debug|Any CPU.Build.0 = Debug|Any CPU
		{820999FA-8704-448C-AB4F-9DDA0B1EC9C8}.Release|Any CPU.ActiveCfg = Release|Any CPU
		{820999FA-8704-448C-AB4F-9DDA0B1EC9C8}.Release|Any CPU.Build.0 = Release|Any CPU
		{733493F0-2FFA-43BD-8826-0B7CAE301564}.Debug|Any CPU.ActiveCfg = Debug|Any CPU
		{733493F0-2FFA-43BD-8826-0B7CAE301564}.Debug|Any CPU.Build.0 = Debug|Any CPU
		{733493F0-2FFA-43BD-8826-0B7CAE301564}.Release|Any CPU.ActiveCfg = Release|Any CPU
		{733493F0-2FFA-43BD-8826-0B7CAE301564}.Release|Any CPU.Build.0 = Release|Any CPU
		{2A04F329-AE36-4AFE-A7E4-206EE7C87201}.Debug|Any CPU.ActiveCfg = Debug|Any CPU
		{2A04F329-AE36-4AFE-A7E4-206EE7C87201}.Debug|Any CPU.Build.0 = Debug|Any CPU
		{2A04F329-AE36-4AFE-A7E4-206EE7C87201}.Release|Any CPU.ActiveCfg = Release|Any CPU
		{2A04F329-AE36-4AFE-A7E4-206EE7C87201}.Release|Any CPU.Build.0 = Release|Any CPU
		{0B45FBB9-7983-41DE-843D-B4C13B0F8419}.Debug|Any CPU.ActiveCfg = Debug|Any CPU
		{0B45FBB9-7983-41DE-843D-B4C13B0F8419}.Debug|Any CPU.Build.0 = Debug|Any CPU
		{0B45FBB9-7983-41DE-843D-B4C13B0F8419}.Release|Any CPU.ActiveCfg = Release|Any CPU
		{0B45FBB9-7983-41DE-843D-B4C13B0F8419}.Release|Any CPU.Build.0 = Release|Any CPU
		{B5FDE852-3C79-4436-BE0E-E75A37D19659}.Debug|Any CPU.ActiveCfg = Debug|Any CPU
		{B5FDE852-3C79-4436-BE0E-E75A37D19659}.Debug|Any CPU.Build.0 = Debug|Any CPU
		{B5FDE852-3C79-4436-BE0E-E75A37D19659}.Release|Any CPU.ActiveCfg = Release|Any CPU
		{B5FDE852-3C79-4436-BE0E-E75A37D19659}.Release|Any CPU.Build.0 = Release|Any CPU
		{A5982F30-8D1E-41DE-90B1-5B05F2F257BC}.Debug|Any CPU.ActiveCfg = Debug|Any CPU
		{A5982F30-8D1E-41DE-90B1-5B05F2F257BC}.Debug|Any CPU.Build.0 = Debug|Any CPU
		{A5982F30-8D1E-41DE-90B1-5B05F2F257BC}.Release|Any CPU.ActiveCfg = Release|Any CPU
		{A5982F30-8D1E-41DE-90B1-5B05F2F257BC}.Release|Any CPU.Build.0 = Release|Any CPU
		{0E5D508C-7FCD-420E-B342-71206B7953A8}.Debug|Any CPU.ActiveCfg = Debug|Any CPU
		{0E5D508C-7FCD-420E-B342-71206B7953A8}.Debug|Any CPU.Build.0 = Debug|Any CPU
		{0E5D508C-7FCD-420E-B342-71206B7953A8}.Release|Any CPU.ActiveCfg = Release|Any CPU
		{0E5D508C-7FCD-420E-B342-71206B7953A8}.Release|Any CPU.Build.0 = Release|Any CPU
		{E260A046-CAE9-4E19-8058-38EE5A12C4F6}.Debug|Any CPU.ActiveCfg = Debug|Any CPU
		{E260A046-CAE9-4E19-8058-38EE5A12C4F6}.Debug|Any CPU.Build.0 = Debug|Any CPU
		{E260A046-CAE9-4E19-8058-38EE5A12C4F6}.Release|Any CPU.ActiveCfg = Release|Any CPU
		{E260A046-CAE9-4E19-8058-38EE5A12C4F6}.Release|Any CPU.Build.0 = Release|Any CPU
		{0DA0CED0-FA6D-482B-9BF2-38644D2BF51E}.Debug|Any CPU.ActiveCfg = Debug|Any CPU
		{0DA0CED0-FA6D-482B-9BF2-38644D2BF51E}.Debug|Any CPU.Build.0 = Debug|Any CPU
		{0DA0CED0-FA6D-482B-9BF2-38644D2BF51E}.Release|Any CPU.ActiveCfg = Release|Any CPU
		{0DA0CED0-FA6D-482B-9BF2-38644D2BF51E}.Release|Any CPU.Build.0 = Release|Any CPU
		{21D16CE5-3107-4413-AFC4-41728009C54D}.Debug|Any CPU.ActiveCfg = Debug|Any CPU
		{21D16CE5-3107-4413-AFC4-41728009C54D}.Debug|Any CPU.Build.0 = Debug|Any CPU
		{21D16CE5-3107-4413-AFC4-41728009C54D}.Release|Any CPU.ActiveCfg = Release|Any CPU
		{21D16CE5-3107-4413-AFC4-41728009C54D}.Release|Any CPU.Build.0 = Release|Any CPU
		{E5185B5C-2E09-4D78-BCBC-C28AB01B7BC9}.Debug|Any CPU.ActiveCfg = Debug|Any CPU
		{E5185B5C-2E09-4D78-BCBC-C28AB01B7BC9}.Debug|Any CPU.Build.0 = Debug|Any CPU
		{E5185B5C-2E09-4D78-BCBC-C28AB01B7BC9}.Release|Any CPU.ActiveCfg = Release|Any CPU
		{E5185B5C-2E09-4D78-BCBC-C28AB01B7BC9}.Release|Any CPU.Build.0 = Release|Any CPU
		{634D709F-2F78-414B-9556-F735E26BE4B8}.Debug|Any CPU.ActiveCfg = Debug|Any CPU
		{634D709F-2F78-414B-9556-F735E26BE4B8}.Debug|Any CPU.Build.0 = Debug|Any CPU
		{634D709F-2F78-414B-9556-F735E26BE4B8}.Release|Any CPU.ActiveCfg = Release|Any CPU
		{634D709F-2F78-414B-9556-F735E26BE4B8}.Release|Any CPU.Build.0 = Release|Any CPU
		{7EEB15A5-13FC-4F30-82B7-A462C33C4BFB}.Debug|Any CPU.ActiveCfg = Debug|Any CPU
		{7EEB15A5-13FC-4F30-82B7-A462C33C4BFB}.Debug|Any CPU.Build.0 = Debug|Any CPU
		{7EEB15A5-13FC-4F30-82B7-A462C33C4BFB}.Release|Any CPU.ActiveCfg = Release|Any CPU
		{7EEB15A5-13FC-4F30-82B7-A462C33C4BFB}.Release|Any CPU.Build.0 = Release|Any CPU
		{7ADB2039-7ECE-4A55-ABB1-0D46B7F7D3BF}.Debug|Any CPU.ActiveCfg = Debug|Any CPU
		{7ADB2039-7ECE-4A55-ABB1-0D46B7F7D3BF}.Debug|Any CPU.Build.0 = Debug|Any CPU
		{7ADB2039-7ECE-4A55-ABB1-0D46B7F7D3BF}.Release|Any CPU.ActiveCfg = Release|Any CPU
		{7ADB2039-7ECE-4A55-ABB1-0D46B7F7D3BF}.Release|Any CPU.Build.0 = Release|Any CPU
		{67294EDC-9969-4D2F-AA3B-24582E6F068F}.Debug|Any CPU.ActiveCfg = Debug|Any CPU
		{67294EDC-9969-4D2F-AA3B-24582E6F068F}.Debug|Any CPU.Build.0 = Debug|Any CPU
		{67294EDC-9969-4D2F-AA3B-24582E6F068F}.Release|Any CPU.ActiveCfg = Release|Any CPU
		{67294EDC-9969-4D2F-AA3B-24582E6F068F}.Release|Any CPU.Build.0 = Release|Any CPU
		{F425B6A6-A6BA-4FFE-A88C-E856D9FF98B5}.Debug|Any CPU.ActiveCfg = Debug|Any CPU
		{F425B6A6-A6BA-4FFE-A88C-E856D9FF98B5}.Debug|Any CPU.Build.0 = Debug|Any CPU
		{F425B6A6-A6BA-4FFE-A88C-E856D9FF98B5}.Release|Any CPU.ActiveCfg = Release|Any CPU
		{F425B6A6-A6BA-4FFE-A88C-E856D9FF98B5}.Release|Any CPU.Build.0 = Release|Any CPU
		{15C816AA-635B-47A6-B3C6-F5EE1F0A0CDA}.Debug|Any CPU.ActiveCfg = Debug|Any CPU
		{15C816AA-635B-47A6-B3C6-F5EE1F0A0CDA}.Debug|Any CPU.Build.0 = Debug|Any CPU
		{15C816AA-635B-47A6-B3C6-F5EE1F0A0CDA}.Release|Any CPU.ActiveCfg = Release|Any CPU
		{15C816AA-635B-47A6-B3C6-F5EE1F0A0CDA}.Release|Any CPU.Build.0 = Release|Any CPU
		{EE5D8F28-6A05-49B6-B2B6-FB58D154416E}.Debug|Any CPU.ActiveCfg = Debug|Any CPU
		{EE5D8F28-6A05-49B6-B2B6-FB58D154416E}.Debug|Any CPU.Build.0 = Debug|Any CPU
		{EE5D8F28-6A05-49B6-B2B6-FB58D154416E}.Release|Any CPU.ActiveCfg = Release|Any CPU
		{EE5D8F28-6A05-49B6-B2B6-FB58D154416E}.Release|Any CPU.Build.0 = Release|Any CPU
		{0F03802D-25C7-47FF-891B-CB02DC8628AE}.Debug|Any CPU.ActiveCfg = Debug|Any CPU
		{0F03802D-25C7-47FF-891B-CB02DC8628AE}.Debug|Any CPU.Build.0 = Debug|Any CPU
		{0F03802D-25C7-47FF-891B-CB02DC8628AE}.Release|Any CPU.ActiveCfg = Release|Any CPU
		{0F03802D-25C7-47FF-891B-CB02DC8628AE}.Release|Any CPU.Build.0 = Release|Any CPU
		{FE2DB4B1-92C5-40D0-8CD1-8D751A83AF19}.Debug|Any CPU.ActiveCfg = Debug|Any CPU
		{FE2DB4B1-92C5-40D0-8CD1-8D751A83AF19}.Debug|Any CPU.Build.0 = Debug|Any CPU
		{FE2DB4B1-92C5-40D0-8CD1-8D751A83AF19}.Release|Any CPU.ActiveCfg = Release|Any CPU
		{FE2DB4B1-92C5-40D0-8CD1-8D751A83AF19}.Release|Any CPU.Build.0 = Release|Any CPU
		{D67E3814-9CCF-41CC-BA93-EC2A38896825}.Debug|Any CPU.ActiveCfg = Debug|Any CPU
		{D67E3814-9CCF-41CC-BA93-EC2A38896825}.Debug|Any CPU.Build.0 = Debug|Any CPU
		{D67E3814-9CCF-41CC-BA93-EC2A38896825}.Release|Any CPU.ActiveCfg = Release|Any CPU
		{D67E3814-9CCF-41CC-BA93-EC2A38896825}.Release|Any CPU.Build.0 = Release|Any CPU
		{390140F4-0F7C-4CC4-8107-7F704D44F73A}.Debug|Any CPU.ActiveCfg = Debug|Any CPU
		{390140F4-0F7C-4CC4-8107-7F704D44F73A}.Debug|Any CPU.Build.0 = Debug|Any CPU
		{390140F4-0F7C-4CC4-8107-7F704D44F73A}.Release|Any CPU.ActiveCfg = Release|Any CPU
		{390140F4-0F7C-4CC4-8107-7F704D44F73A}.Release|Any CPU.Build.0 = Release|Any CPU
		{FAD41CE6-E239-4D6C-9C8D-13AEE6F8CB0B}.Debug|Any CPU.ActiveCfg = Debug|Any CPU
		{FAD41CE6-E239-4D6C-9C8D-13AEE6F8CB0B}.Debug|Any CPU.Build.0 = Debug|Any CPU
		{FAD41CE6-E239-4D6C-9C8D-13AEE6F8CB0B}.Release|Any CPU.ActiveCfg = Release|Any CPU
		{FAD41CE6-E239-4D6C-9C8D-13AEE6F8CB0B}.Release|Any CPU.Build.0 = Release|Any CPU
		{5194DF8D-A681-4F08-9F81-881B91612537}.Debug|Any CPU.ActiveCfg = Debug|Any CPU
		{5194DF8D-A681-4F08-9F81-881B91612537}.Debug|Any CPU.Build.0 = Debug|Any CPU
		{5194DF8D-A681-4F08-9F81-881B91612537}.Release|Any CPU.ActiveCfg = Release|Any CPU
		{5194DF8D-A681-4F08-9F81-881B91612537}.Release|Any CPU.Build.0 = Release|Any CPU
		{59F68CD4-89DC-4D30-A71E-FCE63902C205}.Debug|Any CPU.ActiveCfg = Debug|Any CPU
		{59F68CD4-89DC-4D30-A71E-FCE63902C205}.Debug|Any CPU.Build.0 = Debug|Any CPU
		{59F68CD4-89DC-4D30-A71E-FCE63902C205}.Release|Any CPU.ActiveCfg = Release|Any CPU
		{59F68CD4-89DC-4D30-A71E-FCE63902C205}.Release|Any CPU.Build.0 = Release|Any CPU
		{9A881A81-3922-4DD1-839C-0B41E7E64872}.Debug|Any CPU.ActiveCfg = Debug|Any CPU
		{9A881A81-3922-4DD1-839C-0B41E7E64872}.Debug|Any CPU.Build.0 = Debug|Any CPU
		{9A881A81-3922-4DD1-839C-0B41E7E64872}.Release|Any CPU.ActiveCfg = Release|Any CPU
		{9A881A81-3922-4DD1-839C-0B41E7E64872}.Release|Any CPU.Build.0 = Release|Any CPU
		{E3005FBA-68E6-4BB5-9088-B3056CA95132}.Debug|Any CPU.ActiveCfg = Debug|Any CPU
		{E3005FBA-68E6-4BB5-9088-B3056CA95132}.Debug|Any CPU.Build.0 = Debug|Any CPU
		{E3005FBA-68E6-4BB5-9088-B3056CA95132}.Release|Any CPU.ActiveCfg = Release|Any CPU
		{E3005FBA-68E6-4BB5-9088-B3056CA95132}.Release|Any CPU.Build.0 = Release|Any CPU
		{B364F561-A3B3-4392-8E53-FD2964FF4255}.Debug|Any CPU.ActiveCfg = Debug|Any CPU
		{B364F561-A3B3-4392-8E53-FD2964FF4255}.Debug|Any CPU.Build.0 = Debug|Any CPU
		{B364F561-A3B3-4392-8E53-FD2964FF4255}.Release|Any CPU.ActiveCfg = Release|Any CPU
		{B364F561-A3B3-4392-8E53-FD2964FF4255}.Release|Any CPU.Build.0 = Release|Any CPU
		{56C515D5-55B5-4FC3-AD79-DC07B59C584E}.Debug|Any CPU.ActiveCfg = Debug|Any CPU
		{56C515D5-55B5-4FC3-AD79-DC07B59C584E}.Debug|Any CPU.Build.0 = Debug|Any CPU
		{56C515D5-55B5-4FC3-AD79-DC07B59C584E}.Release|Any CPU.ActiveCfg = Release|Any CPU
		{56C515D5-55B5-4FC3-AD79-DC07B59C584E}.Release|Any CPU.Build.0 = Release|Any CPU
		{E7AC7F68-0649-45E1-905E-AE25F5EC3EF2}.Debug|Any CPU.ActiveCfg = Debug|Any CPU
		{E7AC7F68-0649-45E1-905E-AE25F5EC3EF2}.Debug|Any CPU.Build.0 = Debug|Any CPU
		{E7AC7F68-0649-45E1-905E-AE25F5EC3EF2}.Release|Any CPU.ActiveCfg = Release|Any CPU
		{E7AC7F68-0649-45E1-905E-AE25F5EC3EF2}.Release|Any CPU.Build.0 = Release|Any CPU
		{72B63254-06E2-40A6-B852-CAD59365C3E9}.Debug|Any CPU.ActiveCfg = Debug|Any CPU
		{72B63254-06E2-40A6-B852-CAD59365C3E9}.Debug|Any CPU.Build.0 = Debug|Any CPU
		{72B63254-06E2-40A6-B852-CAD59365C3E9}.Release|Any CPU.ActiveCfg = Release|Any CPU
		{72B63254-06E2-40A6-B852-CAD59365C3E9}.Release|Any CPU.Build.0 = Release|Any CPU
		{40AD1971-E53D-4599-920F-3760603CBE9E}.Debug|Any CPU.ActiveCfg = Debug|Any CPU
		{40AD1971-E53D-4599-920F-3760603CBE9E}.Debug|Any CPU.Build.0 = Debug|Any CPU
		{40AD1971-E53D-4599-920F-3760603CBE9E}.Release|Any CPU.ActiveCfg = Release|Any CPU
		{40AD1971-E53D-4599-920F-3760603CBE9E}.Release|Any CPU.Build.0 = Release|Any CPU
	EndGlobalSection
	GlobalSection(SolutionProperties) = preSolution
		HideSolutionNode = FALSE
	EndGlobalSection
	GlobalSection(ExtensibilityGlobals) = postSolution
		SolutionGuid = {13C12833-B293-40F5-9030-C6FBC642FF17}
	EndGlobalSection
EndGlobal
